
Microsoft Visual Studio Solution File, Format Version 12.00
# Visual Studio Version 17
VisualStudioVersion = 17.0.32014.148
MinimumVisualStudioVersion = 10.0.40219.1
Project("{9A19103F-16F7-4668-BE54-9A1E7A4F7556}") = "WashMyCar.Core.Tests", "WashMyCar.Core.Tests\WashMyCar.Core.Tests.csproj", "{F9304ABC-91C4-4E52-93C1-BE5441033EFE}"
EndProject
Project("{9A19103F-16F7-4668-BE54-9A1E7A4F7556}") = "WashMyCar.Core", "WashMyCar.Core\WashMyCar.Core.csproj", "{871967DC-6231-49EA-B4B0-303E7B908B55}"
EndProject
Project("{9A19103F-16F7-4668-BE54-9A1E7A4F7556}") = "WashMyCar.Infrastructure", "WashMyCar.Infrastructure\WashMyCar.Infrastructure.csproj", "{1DF7912E-F847-4564-8D43-2B2E035796C0}"
EndProject
Project("{9A19103F-16F7-4668-BE54-9A1E7A4F7556}") = "WashMyCar.DataAccess", "WashMyCar.DataAccess\WashMyCar.DataAccess.csproj", "{BE71DBA2-D38F-4A9D-8EF0-3555C3E6A100}"
EndProject
Project("{9A19103F-16F7-4668-BE54-9A1E7A4F7556}") = "WashMyCar.DataAccess.Tests", "WashMyCar.DataAccess.Tests\WashMyCar.DataAccess.Tests.csproj", "{24ADC3D5-372C-404D-BC4E-8C906BC5B9D5}"
EndProject
Global
	GlobalSection(SolutionConfigurationPlatforms) = preSolution
		Debug|Any CPU = Debug|Any CPU
		Release|Any CPU = Release|Any CPU
	EndGlobalSection
	GlobalSection(ProjectConfigurationPlatforms) = postSolution
		{F9304ABC-91C4-4E52-93C1-BE5441033EFE}.Debug|Any CPU.ActiveCfg = Debug|Any CPU
		{F9304ABC-91C4-4E52-93C1-BE5441033EFE}.Debug|Any CPU.Build.0 = Debug|Any CPU
		{F9304ABC-91C4-4E52-93C1-BE5441033EFE}.Release|Any CPU.ActiveCfg = Release|Any CPU
		{F9304ABC-91C4-4E52-93C1-BE5441033EFE}.Release|Any CPU.Build.0 = Release|Any CPU
		{871967DC-6231-49EA-B4B0-303E7B908B55}.Debug|Any CPU.ActiveCfg = Debug|Any CPU
		{871967DC-6231-49EA-B4B0-303E7B908B55}.Debug|Any CPU.Build.0 = Debug|Any CPU
		{871967DC-6231-49EA-B4B0-303E7B908B55}.Release|Any CPU.ActiveCfg = Release|Any CPU
		{871967DC-6231-49EA-B4B0-303E7B908B55}.Release|Any CPU.Build.0 = Release|Any CPU
		{1DF7912E-F847-4564-8D43-2B2E035796C0}.Debug|Any CPU.ActiveCfg = Debug|Any CPU
		{1DF7912E-F847-4564-8D43-2B2E035796C0}.Debug|Any CPU.Build.0 = Debug|Any CPU
		{1DF7912E-F847-4564-8D43-2B2E035796C0}.Release|Any CPU.ActiveCfg = Release|Any CPU
		{1DF7912E-F847-4564-8D43-2B2E035796C0}.Release|Any CPU.Build.0 = Release|Any CPU
		{BE71DBA2-D38F-4A9D-8EF0-3555C3E6A100}.Debug|Any CPU.ActiveCfg = Debug|Any CPU
		{BE71DBA2-D38F-4A9D-8EF0-3555C3E6A100}.Debug|Any CPU.Build.0 = Debug|Any CPU
		{BE71DBA2-D38F-4A9D-8EF0-3555C3E6A100}.Release|Any CPU.ActiveCfg = Release|Any CPU
		{BE71DBA2-D38F-4A9D-8EF0-3555C3E6A100}.Release|Any CPU.Build.0 = Release|Any CPU
		{24ADC3D5-372C-404D-BC4E-8C906BC5B9D5}.Debug|Any CPU.ActiveCfg = Debug|Any CPU
		{24ADC3D5-372C-404D-BC4E-8C906BC5B9D5}.Debug|Any CPU.Build.0 = Debug|Any CPU
		{24ADC3D5-372C-404D-BC4E-8C906BC5B9D5}.Release|Any CPU.ActiveCfg = Release|Any CPU
		{24ADC3D5-372C-404D-BC4E-8C906BC5B9D5}.Release|Any CPU.Build.0 = Release|Any CPU
	EndGlobalSection
	GlobalSection(SolutionProperties) = preSolution
		HideSolutionNode = FALSE
	EndGlobalSection
	GlobalSection(ExtensibilityGlobals) = postSolution
		SolutionGuid = {1D3AFA99-60B9-43C6-9B53-5120161173E5}
	EndGlobalSection
EndGlobal
